// !$*UTF8*$!
{
	archiveVersion = 1;
	classes = {
	};
	objectVersion = 55;
	objects = {

/* Begin PBXBuildFile section */
		3D04CE3D28AF6D8C005D7A90 /* PrivacySettingsView.swift in Sources */ = {isa = PBXBuildFile; fileRef = 3D04CE3C28AF6D8C005D7A90 /* PrivacySettingsView.swift */; };
		3D04CE3F28AF6FBB005D7A90 /* AuthenticationHelper.swift in Sources */ = {isa = PBXBuildFile; fileRef = 3D04CE3E28AF6FBB005D7A90 /* AuthenticationHelper.swift */; };
		3D04CE4228AF70DC005D7A90 /* LockView.swift in Sources */ = {isa = PBXBuildFile; fileRef = 3D04CE4128AF70DC005D7A90 /* LockView.swift */; };
		3D04CE4428AFA0A2005D7A90 /* ViewExtensions.swift in Sources */ = {isa = PBXBuildFile; fileRef = 3D04CE4328AFA0A2005D7A90 /* ViewExtensions.swift */; };
		3D089A8928FD73E90079A2F0 /* ViewExtensionsTest.swift in Sources */ = {isa = PBXBuildFile; fileRef = 3D089A8828FD73E90079A2F0 /* ViewExtensionsTest.swift */; };
		3D089A8B28FD75690079A2F0 /* MemoriesTests.swift in Sources */ = {isa = PBXBuildFile; fileRef = 3D089A8A28FD75690079A2F0 /* MemoriesTests.swift */; };
		3D09F28A29056BB400D856A0 /* MapAnnotationContent.swift in Sources */ = {isa = PBXBuildFile; fileRef = 3D09F28929056BB400D856A0 /* MapAnnotationContent.swift */; };
		3D128C7228EBF14300481562 /* ShapeStyleExtensions.swift in Sources */ = {isa = PBXBuildFile; fileRef = 3D128C7128EBF14300481562 /* ShapeStyleExtensions.swift */; };
		3D13CB1C28AA8FFC001113BD /* RememberApp.swift in Sources */ = {isa = PBXBuildFile; fileRef = 3D13CB1B28AA8FFC001113BD /* RememberApp.swift */; };
		3D13CB1E28AA8FFC001113BD /* ContentView.swift in Sources */ = {isa = PBXBuildFile; fileRef = 3D13CB1D28AA8FFC001113BD /* ContentView.swift */; };
		3D13CB2028AA8FFE001113BD /* Assets.xcassets in Resources */ = {isa = PBXBuildFile; fileRef = 3D13CB1F28AA8FFE001113BD /* Assets.xcassets */; };
		3D13CB2328AA8FFE001113BD /* Preview Assets.xcassets in Resources */ = {isa = PBXBuildFile; fileRef = 3D13CB2228AA8FFE001113BD /* Preview Assets.xcassets */; };
		3D13CB2A28AA948D001113BD /* UpcomingMemoriesView.swift in Sources */ = {isa = PBXBuildFile; fileRef = 3D13CB2928AA948D001113BD /* UpcomingMemoriesView.swift */; };
		3D13CB2C28AA9511001113BD /* MemoriesListView.swift in Sources */ = {isa = PBXBuildFile; fileRef = 3D13CB2B28AA9511001113BD /* MemoriesListView.swift */; };
		3D13CB2E28AA9561001113BD /* SettingsView.swift in Sources */ = {isa = PBXBuildFile; fileRef = 3D13CB2D28AA9561001113BD /* SettingsView.swift */; };
		3D13CB3228AA9DB6001113BD /* EditMemoryView.swift in Sources */ = {isa = PBXBuildFile; fileRef = 3D13CB3128AA9DB6001113BD /* EditMemoryView.swift */; };
		3D13CB3428AAA29C001113BD /* ImagePicker.swift in Sources */ = {isa = PBXBuildFile; fileRef = 3D13CB3328AAA29C001113BD /* ImagePicker.swift */; };
		3D13CB3728AAA76E001113BD /* LocationPicker in Frameworks */ = {isa = PBXBuildFile; productRef = 3D13CB3628AAA76E001113BD /* LocationPicker */; };
		3D13CB3B28AAB08D001113BD /* Memories.swift in Sources */ = {isa = PBXBuildFile; fileRef = 3D13CB3A28AAB08D001113BD /* Memories.swift */; };
		3D13CB3D28AAB0FC001113BD /* Memory.swift in Sources */ = {isa = PBXBuildFile; fileRef = 3D13CB3C28AAB0FC001113BD /* Memory.swift */; };
		3D13CB3F28AAB4E6001113BD /* MemoryListEntryView.swift in Sources */ = {isa = PBXBuildFile; fileRef = 3D13CB3E28AAB4E6001113BD /* MemoryListEntryView.swift */; };
		3D13CB4128AB7785001113BD /* BundleExtensions.swift in Sources */ = {isa = PBXBuildFile; fileRef = 3D13CB4028AB7785001113BD /* BundleExtensions.swift */; };
		3D13CB4328AB79B6001113BD /* StringExtensions.swift in Sources */ = {isa = PBXBuildFile; fileRef = 3D13CB4228AB79B6001113BD /* StringExtensions.swift */; };
		3D13CB4528AB7C6A001113BD /* UpcomingSpecialDay.swift in Sources */ = {isa = PBXBuildFile; fileRef = 3D13CB4428AB7C6A001113BD /* UpcomingSpecialDay.swift */; };
		3D13CB4728AB8E04001113BD /* CalendarExtensions.swift in Sources */ = {isa = PBXBuildFile; fileRef = 3D13CB4628AB8E04001113BD /* CalendarExtensions.swift */; };
		3D13CB5228ABF99D001113BD /* EditMemory-ViewModel.swift in Sources */ = {isa = PBXBuildFile; fileRef = 3D13CB5128ABF99D001113BD /* EditMemory-ViewModel.swift */; };
		3D13CB5428ABFF3C001113BD /* UpcomingMemoriesView-ViewModel.swift in Sources */ = {isa = PBXBuildFile; fileRef = 3D13CB5328ABFF3C001113BD /* UpcomingMemoriesView-ViewModel.swift */; };
		3D13CB5628AC017B001113BD /* UpcomingMemoryListEntryView.swift in Sources */ = {isa = PBXBuildFile; fileRef = 3D13CB5528AC017B001113BD /* UpcomingMemoryListEntryView.swift */; };
		3D13CB5928ACD60C001113BD /* NotificationHelper.swift in Sources */ = {isa = PBXBuildFile; fileRef = 3D13CB5828ACD60C001113BD /* NotificationHelper.swift */; };
		3D13CB5B28ACE1E9001113BD /* NotificationSettingsView.swift in Sources */ = {isa = PBXBuildFile; fileRef = 3D13CB5A28ACE1E9001113BD /* NotificationSettingsView.swift */; };
		3D13CB5D28ACF7A9001113BD /* DateExtensions.swift in Sources */ = {isa = PBXBuildFile; fileRef = 3D13CB5C28ACF7A9001113BD /* DateExtensions.swift */; };
		3D13CB5F28AD364A001113BD /* SettingsHelper.swift in Sources */ = {isa = PBXBuildFile; fileRef = 3D13CB5E28AD364A001113BD /* SettingsHelper.swift */; };
		3D13CB6728AE2C38001113BD /* TimelineView.swift in Sources */ = {isa = PBXBuildFile; fileRef = 3D13CB6628AE2C38001113BD /* TimelineView.swift */; };
		3D13CB6928AE4BB7001113BD /* TimelineYearView.swift in Sources */ = {isa = PBXBuildFile; fileRef = 3D13CB6828AE4BB7001113BD /* TimelineYearView.swift */; };
		3D1B891B28D438FE00A7046B /* MemoryDetailView.swift in Sources */ = {isa = PBXBuildFile; fileRef = 3D1B891A28D438FE00A7046B /* MemoryDetailView.swift */; };
		3D1C9B4A29028F12007DFC6A /* ExampleMemories.swift in Sources */ = {isa = PBXBuildFile; fileRef = 3D1C9B4929028F12007DFC6A /* ExampleMemories.swift */; };
		3D1C9B502902A202007DFC6A /* MemoryDetailView-ViewModel.swift in Sources */ = {isa = PBXBuildFile; fileRef = 3D1C9B4F2902A202007DFC6A /* MemoryDetailView-ViewModel.swift */; };
		3D1C9B582902A257007DFC6A /* NotificationSettingsView-ViewModel.swift in Sources */ = {isa = PBXBuildFile; fileRef = 3D1C9B572902A257007DFC6A /* NotificationSettingsView-ViewModel.swift */; };
		3D1C9B602902A2DC007DFC6A /* UpcomingMemoryListEntryView-ViewModel.swift in Sources */ = {isa = PBXBuildFile; fileRef = 3D1C9B5F2902A2DC007DFC6A /* UpcomingMemoryListEntryView-ViewModel.swift */; };
		3D2D081728E998C00036B26D /* ColorHelper.swift in Sources */ = {isa = PBXBuildFile; fileRef = 3D2D081628E998C00036B26D /* ColorHelper.swift */; };
		3D2D081928E999980036B26D /* DeletedMemoriesListView.swift in Sources */ = {isa = PBXBuildFile; fileRef = 3D2D081828E999980036B26D /* DeletedMemoriesListView.swift */; };
		3D2E6BED28FAF5F600C1CC4D /* ImageSaverHelper.swift in Sources */ = {isa = PBXBuildFile; fileRef = 3D2E6BEC28FAF5F600C1CC4D /* ImageSaverHelper.swift */; };
		3D2E6BF028FAFD9B00C1CC4D /* Localizable.strings in Resources */ = {isa = PBXBuildFile; fileRef = 3D2E6BF228FAFD9B00C1CC4D /* Localizable.strings */; };
		3D2E6C0428FD194800C1CC4D /* DateExtensionsTests.swift in Sources */ = {isa = PBXBuildFile; fileRef = 3D2E6C0328FD194800C1CC4D /* DateExtensionsTests.swift */; };
		3D50727A28FE72CE0041FE28 /* MemoryIOHelper.swift in Sources */ = {isa = PBXBuildFile; fileRef = 3D50727928FE72CE0041FE28 /* MemoryIOHelper.swift */; };
		3D50727C28FE82910041FE28 /* ResetMemoriesView.swift in Sources */ = {isa = PBXBuildFile; fileRef = 3D50727B28FE82910041FE28 /* ResetMemoriesView.swift */; };
		3D50728028FF171D0041FE28 /* README.md in Resources */ = {isa = PBXBuildFile; fileRef = 3D50727F28FF171D0041FE28 /* README.md */; };
		3DBC9D2828FFD38A005372DE /* header.png in Resources */ = {isa = PBXBuildFile; fileRef = 3DBC9D2728FFD38A005372DE /* header.png */; };
		3DBC9D2A28FFD3E6005372DE /* historic.jpeg in Resources */ = {isa = PBXBuildFile; fileRef = 3DBC9D2928FFD3E6005372DE /* historic.jpeg */; };
		3DBC9D2C28FFD402005372DE /* upcoming.jpeg in Resources */ = {isa = PBXBuildFile; fileRef = 3DBC9D2B28FFD402005372DE /* upcoming.jpeg */; };
		3DBC9D2E28FFD441005372DE /* mac.jpeg in Resources */ = {isa = PBXBuildFile; fileRef = 3DBC9D2D28FFD441005372DE /* mac.jpeg */; };
		3DBC9D3028FFD47E005372DE /* map.jpeg in Resources */ = {isa = PBXBuildFile; fileRef = 3DBC9D2F28FFD47E005372DE /* map.jpeg */; };
		3DC24F2628D84B2200128AC2 /* MapView.swift in Sources */ = {isa = PBXBuildFile; fileRef = 3DC24F2528D84B2200128AC2 /* MapView.swift */; };
		3DF4A1FD28EC763D005FE110 /* HotReloading in Frameworks */ = {isa = PBXBuildFile; productRef = 3DF4A1FC28EC763D005FE110 /* HotReloading */; };
/* End PBXBuildFile section */

/* Begin PBXContainerItemProxy section */
		3D2E6BFC28FD164600C1CC4D /* PBXContainerItemProxy */ = {
			isa = PBXContainerItemProxy;
			containerPortal = 3D13CB1028AA8FFB001113BD /* Project object */;
			proxyType = 1;
			remoteGlobalIDString = 3D13CB1728AA8FFB001113BD;
			remoteInfo = Remember;
		};
/* End PBXContainerItemProxy section */

/* Begin PBXFileReference section */
		3D04CE3C28AF6D8C005D7A90 /* PrivacySettingsView.swift */ = {isa = PBXFileReference; lastKnownFileType = sourcecode.swift; path = PrivacySettingsView.swift; sourceTree = "<group>"; };
		3D04CE3E28AF6FBB005D7A90 /* AuthenticationHelper.swift */ = {isa = PBXFileReference; lastKnownFileType = sourcecode.swift; path = AuthenticationHelper.swift; sourceTree = "<group>"; };
		3D04CE4128AF70DC005D7A90 /* LockView.swift */ = {isa = PBXFileReference; lastKnownFileType = sourcecode.swift; path = LockView.swift; sourceTree = "<group>"; };
		3D04CE4328AFA0A2005D7A90 /* ViewExtensions.swift */ = {isa = PBXFileReference; lastKnownFileType = sourcecode.swift; path = ViewExtensions.swift; sourceTree = "<group>"; };
		3D04CE4528AFA12A005D7A90 /* Info.plist */ = {isa = PBXFileReference; lastKnownFileType = text.plist; path = Info.plist; sourceTree = "<group>"; };
		3D089A8828FD73E90079A2F0 /* ViewExtensionsTest.swift */ = {isa = PBXFileReference; lastKnownFileType = sourcecode.swift; path = ViewExtensionsTest.swift; sourceTree = "<group>"; };
		3D089A8A28FD75690079A2F0 /* MemoriesTests.swift */ = {isa = PBXFileReference; lastKnownFileType = sourcecode.swift; path = MemoriesTests.swift; sourceTree = "<group>"; };
		3D09F28929056BB400D856A0 /* MapAnnotationContent.swift */ = {isa = PBXFileReference; lastKnownFileType = sourcecode.swift; path = MapAnnotationContent.swift; sourceTree = "<group>"; };
		3D128C7128EBF14300481562 /* ShapeStyleExtensions.swift */ = {isa = PBXFileReference; lastKnownFileType = sourcecode.swift; path = ShapeStyleExtensions.swift; sourceTree = "<group>"; };
		3D13CB1828AA8FFB001113BD /* Remember.app */ = {isa = PBXFileReference; explicitFileType = wrapper.application; includeInIndex = 0; path = Remember.app; sourceTree = BUILT_PRODUCTS_DIR; };
		3D13CB1B28AA8FFC001113BD /* RememberApp.swift */ = {isa = PBXFileReference; lastKnownFileType = sourcecode.swift; path = RememberApp.swift; sourceTree = "<group>"; };
		3D13CB1D28AA8FFC001113BD /* ContentView.swift */ = {isa = PBXFileReference; lastKnownFileType = sourcecode.swift; path = ContentView.swift; sourceTree = "<group>"; };
		3D13CB1F28AA8FFE001113BD /* Assets.xcassets */ = {isa = PBXFileReference; lastKnownFileType = folder.assetcatalog; path = Assets.xcassets; sourceTree = "<group>"; };
		3D13CB2228AA8FFE001113BD /* Preview Assets.xcassets */ = {isa = PBXFileReference; lastKnownFileType = folder.assetcatalog; path = "Preview Assets.xcassets"; sourceTree = "<group>"; };
		3D13CB2928AA948D001113BD /* UpcomingMemoriesView.swift */ = {isa = PBXFileReference; lastKnownFileType = sourcecode.swift; path = UpcomingMemoriesView.swift; sourceTree = "<group>"; };
		3D13CB2B28AA9511001113BD /* MemoriesListView.swift */ = {isa = PBXFileReference; lastKnownFileType = sourcecode.swift; path = MemoriesListView.swift; sourceTree = "<group>"; };
		3D13CB2D28AA9561001113BD /* SettingsView.swift */ = {isa = PBXFileReference; lastKnownFileType = sourcecode.swift; path = SettingsView.swift; sourceTree = "<group>"; };
		3D13CB3128AA9DB6001113BD /* EditMemoryView.swift */ = {isa = PBXFileReference; lastKnownFileType = sourcecode.swift; path = EditMemoryView.swift; sourceTree = "<group>"; };
		3D13CB3328AAA29C001113BD /* ImagePicker.swift */ = {isa = PBXFileReference; lastKnownFileType = sourcecode.swift; path = ImagePicker.swift; sourceTree = "<group>"; };
		3D13CB3A28AAB08D001113BD /* Memories.swift */ = {isa = PBXFileReference; lastKnownFileType = sourcecode.swift; path = Memories.swift; sourceTree = "<group>"; };
		3D13CB3C28AAB0FC001113BD /* Memory.swift */ = {isa = PBXFileReference; lastKnownFileType = sourcecode.swift; path = Memory.swift; sourceTree = "<group>"; };
		3D13CB3E28AAB4E6001113BD /* MemoryListEntryView.swift */ = {isa = PBXFileReference; lastKnownFileType = sourcecode.swift; path = MemoryListEntryView.swift; sourceTree = "<group>"; };
		3D13CB4028AB7785001113BD /* BundleExtensions.swift */ = {isa = PBXFileReference; lastKnownFileType = sourcecode.swift; path = BundleExtensions.swift; sourceTree = "<group>"; };
		3D13CB4228AB79B6001113BD /* StringExtensions.swift */ = {isa = PBXFileReference; lastKnownFileType = sourcecode.swift; path = StringExtensions.swift; sourceTree = "<group>"; };
		3D13CB4428AB7C6A001113BD /* UpcomingSpecialDay.swift */ = {isa = PBXFileReference; lastKnownFileType = sourcecode.swift; path = UpcomingSpecialDay.swift; sourceTree = "<group>"; };
		3D13CB4628AB8E04001113BD /* CalendarExtensions.swift */ = {isa = PBXFileReference; lastKnownFileType = sourcecode.swift; path = CalendarExtensions.swift; sourceTree = "<group>"; };
		3D13CB5128ABF99D001113BD /* EditMemory-ViewModel.swift */ = {isa = PBXFileReference; lastKnownFileType = sourcecode.swift; path = "EditMemory-ViewModel.swift"; sourceTree = "<group>"; };
		3D13CB5328ABFF3C001113BD /* UpcomingMemoriesView-ViewModel.swift */ = {isa = PBXFileReference; lastKnownFileType = sourcecode.swift; path = "UpcomingMemoriesView-ViewModel.swift"; sourceTree = "<group>"; };
		3D13CB5528AC017B001113BD /* UpcomingMemoryListEntryView.swift */ = {isa = PBXFileReference; lastKnownFileType = sourcecode.swift; path = UpcomingMemoryListEntryView.swift; sourceTree = "<group>"; };
		3D13CB5828ACD60C001113BD /* NotificationHelper.swift */ = {isa = PBXFileReference; lastKnownFileType = sourcecode.swift; path = NotificationHelper.swift; sourceTree = "<group>"; };
		3D13CB5A28ACE1E9001113BD /* NotificationSettingsView.swift */ = {isa = PBXFileReference; lastKnownFileType = sourcecode.swift; path = NotificationSettingsView.swift; sourceTree = "<group>"; };
		3D13CB5C28ACF7A9001113BD /* DateExtensions.swift */ = {isa = PBXFileReference; lastKnownFileType = sourcecode.swift; path = DateExtensions.swift; sourceTree = "<group>"; };
		3D13CB5E28AD364A001113BD /* SettingsHelper.swift */ = {isa = PBXFileReference; lastKnownFileType = sourcecode.swift; path = SettingsHelper.swift; sourceTree = "<group>"; };
		3D13CB6628AE2C38001113BD /* TimelineView.swift */ = {isa = PBXFileReference; lastKnownFileType = sourcecode.swift; path = TimelineView.swift; sourceTree = "<group>"; };
		3D13CB6828AE4BB7001113BD /* TimelineYearView.swift */ = {isa = PBXFileReference; lastKnownFileType = sourcecode.swift; path = TimelineYearView.swift; sourceTree = "<group>"; };
		3D1B891A28D438FE00A7046B /* MemoryDetailView.swift */ = {isa = PBXFileReference; lastKnownFileType = sourcecode.swift; path = MemoryDetailView.swift; sourceTree = "<group>"; };
		3D1C9B4929028F12007DFC6A /* ExampleMemories.swift */ = {isa = PBXFileReference; lastKnownFileType = sourcecode.swift; path = ExampleMemories.swift; sourceTree = "<group>"; };
		3D1C9B4F2902A202007DFC6A /* MemoryDetailView-ViewModel.swift */ = {isa = PBXFileReference; lastKnownFileType = sourcecode.swift; path = "MemoryDetailView-ViewModel.swift"; sourceTree = "<group>"; };
		3D1C9B572902A257007DFC6A /* NotificationSettingsView-ViewModel.swift */ = {isa = PBXFileReference; lastKnownFileType = sourcecode.swift; path = "NotificationSettingsView-ViewModel.swift"; sourceTree = "<group>"; };
		3D1C9B5F2902A2DC007DFC6A /* UpcomingMemoryListEntryView-ViewModel.swift */ = {isa = PBXFileReference; lastKnownFileType = sourcecode.swift; path = "UpcomingMemoryListEntryView-ViewModel.swift"; sourceTree = "<group>"; };
		3D2D081628E998C00036B26D /* ColorHelper.swift */ = {isa = PBXFileReference; lastKnownFileType = sourcecode.swift; path = ColorHelper.swift; sourceTree = "<group>"; };
		3D2D081828E999980036B26D /* DeletedMemoriesListView.swift */ = {isa = PBXFileReference; lastKnownFileType = sourcecode.swift; path = DeletedMemoriesListView.swift; sourceTree = "<group>"; };
		3D2E6BEC28FAF5F600C1CC4D /* ImageSaverHelper.swift */ = {isa = PBXFileReference; lastKnownFileType = sourcecode.swift; path = ImageSaverHelper.swift; sourceTree = "<group>"; };
		3D2E6BF128FAFD9B00C1CC4D /* en */ = {isa = PBXFileReference; lastKnownFileType = text.plist.strings; name = en; path = en.lproj/Localizable.strings; sourceTree = "<group>"; };
		3D2E6BF328FAFDC400C1CC4D /* de */ = {isa = PBXFileReference; lastKnownFileType = text.plist.strings; name = de; path = de.lproj/Localizable.strings; sourceTree = "<group>"; };
		3D2E6BF828FD164600C1CC4D /* RememberTests.xctest */ = {isa = PBXFileReference; explicitFileType = wrapper.cfbundle; includeInIndex = 0; path = RememberTests.xctest; sourceTree = BUILT_PRODUCTS_DIR; };
		3D2E6C0328FD194800C1CC4D /* DateExtensionsTests.swift */ = {isa = PBXFileReference; lastKnownFileType = sourcecode.swift; path = DateExtensionsTests.swift; sourceTree = "<group>"; };
		3D50727928FE72CE0041FE28 /* MemoryIOHelper.swift */ = {isa = PBXFileReference; lastKnownFileType = sourcecode.swift; path = MemoryIOHelper.swift; sourceTree = "<group>"; };
		3D50727B28FE82910041FE28 /* ResetMemoriesView.swift */ = {isa = PBXFileReference; lastKnownFileType = sourcecode.swift; path = ResetMemoriesView.swift; sourceTree = "<group>"; };
		3D50727F28FF171D0041FE28 /* README.md */ = {isa = PBXFileReference; lastKnownFileType = net.daringfireball.markdown; path = README.md; sourceTree = "<group>"; };
		3DBC9D2728FFD38A005372DE /* header.png */ = {isa = PBXFileReference; lastKnownFileType = image.png; path = header.png; sourceTree = "<group>"; };
		3DBC9D2928FFD3E6005372DE /* historic.jpeg */ = {isa = PBXFileReference; lastKnownFileType = image.jpeg; path = historic.jpeg; sourceTree = "<group>"; };
		3DBC9D2B28FFD402005372DE /* upcoming.jpeg */ = {isa = PBXFileReference; lastKnownFileType = image.jpeg; path = upcoming.jpeg; sourceTree = "<group>"; };
		3DBC9D2D28FFD441005372DE /* mac.jpeg */ = {isa = PBXFileReference; lastKnownFileType = image.jpeg; path = mac.jpeg; sourceTree = "<group>"; };
		3DBC9D2F28FFD47E005372DE /* map.jpeg */ = {isa = PBXFileReference; lastKnownFileType = image.jpeg; path = map.jpeg; sourceTree = "<group>"; };
		3DC24F2528D84B2200128AC2 /* MapView.swift */ = {isa = PBXFileReference; lastKnownFileType = sourcecode.swift; path = MapView.swift; sourceTree = "<group>"; };
/* End PBXFileReference section */

/* Begin PBXFrameworksBuildPhase section */
		3D13CB1528AA8FFB001113BD /* Frameworks */ = {
			isa = PBXFrameworksBuildPhase;
			buildActionMask = 2147483647;
			files = (
				3DF4A1FD28EC763D005FE110 /* HotReloading in Frameworks */,
				3D13CB3728AAA76E001113BD /* LocationPicker in Frameworks */,
			);
			runOnlyForDeploymentPostprocessing = 0;
		};
		3D2E6BF528FD164600C1CC4D /* Frameworks */ = {
			isa = PBXFrameworksBuildPhase;
			buildActionMask = 2147483647;
			files = (
			);
			runOnlyForDeploymentPostprocessing = 0;
		};
/* End PBXFrameworksBuildPhase section */

/* Begin PBXGroup section */
		3D04CE4028AF70BD005D7A90 /* Lock */ = {
			isa = PBXGroup;
			children = (
				3D04CE4128AF70DC005D7A90 /* LockView.swift */,
			);
			path = Lock;
			sourceTree = "<group>";
		};
		3D13CB0F28AA8FFB001113BD = {
			isa = PBXGroup;
			children = (
				3D50728128FF17420041FE28 /* Documentation */,
				3D50727F28FF171D0041FE28 /* README.md */,
				3D13CB1A28AA8FFB001113BD /* Remember */,
				3D2E6BF928FD164600C1CC4D /* RememberTests */,
				3D13CB1928AA8FFB001113BD /* Products */,
			);
			sourceTree = "<group>";
		};
		3D13CB1928AA8FFB001113BD /* Products */ = {
			isa = PBXGroup;
			children = (
				3D13CB1828AA8FFB001113BD /* Remember.app */,
				3D2E6BF828FD164600C1CC4D /* RememberTests.xctest */,
			);
			name = Products;
			sourceTree = "<group>";
		};
		3D13CB1A28AA8FFB001113BD /* Remember */ = {
			isa = PBXGroup;
			children = (
				3D04CE4528AFA12A005D7A90 /* Info.plist */,
				3D13CB5728ACD5FC001113BD /* Helper */,
				3D13CB5028ABF8D4001113BD /* Components */,
				3D13CB4A28ABB06C001113BD /* View */,
				3D13CB4928ABB059001113BD /* Extension */,
				3D13CB4828ABB038001113BD /* Model */,
				3D13CB1B28AA8FFC001113BD /* RememberApp.swift */,
				3D13CB1D28AA8FFC001113BD /* ContentView.swift */,
				3D13CB1F28AA8FFE001113BD /* Assets.xcassets */,
				3D13CB2128AA8FFE001113BD /* Preview Content */,
				3D2E6BF228FAFD9B00C1CC4D /* Localizable.strings */,
			);
			path = Remember;
			sourceTree = "<group>";
		};
		3D13CB2128AA8FFE001113BD /* Preview Content */ = {
			isa = PBXGroup;
			children = (
				3D13CB2228AA8FFE001113BD /* Preview Assets.xcassets */,
			);
			path = "Preview Content";
			sourceTree = "<group>";
		};
		3D13CB4828ABB038001113BD /* Model */ = {
			isa = PBXGroup;
			children = (
				3D13CB3A28AAB08D001113BD /* Memories.swift */,
				3D13CB3C28AAB0FC001113BD /* Memory.swift */,
				3D13CB4428AB7C6A001113BD /* UpcomingSpecialDay.swift */,
				3D1C9B4929028F12007DFC6A /* ExampleMemories.swift */,
			);
			path = Model;
			sourceTree = "<group>";
		};
		3D13CB4928ABB059001113BD /* Extension */ = {
			isa = PBXGroup;
			children = (
				3D13CB4028AB7785001113BD /* BundleExtensions.swift */,
				3D13CB4228AB79B6001113BD /* StringExtensions.swift */,
				3D13CB4628AB8E04001113BD /* CalendarExtensions.swift */,
				3D13CB5C28ACF7A9001113BD /* DateExtensions.swift */,
				3D04CE4328AFA0A2005D7A90 /* ViewExtensions.swift */,
				3D128C7128EBF14300481562 /* ShapeStyleExtensions.swift */,
			);
			path = Extension;
			sourceTree = "<group>";
		};
		3D13CB4A28ABB06C001113BD /* View */ = {
			isa = PBXGroup;
			children = (
				3DC24F2428D84B1100128AC2 /* Map */,
				3D1B891928D438E100A7046B /* Details */,
				3D04CE4028AF70BD005D7A90 /* Lock */,
				3D13CB6528AE2C26001113BD /* Timeline */,
				3D13CB4F28ABF8C9001113BD /* EditMemory */,
				3D13CB4E28ABF8BA001113BD /* Settings */,
				3D13CB4D28ABF8AD001113BD /* UpcomingMemories */,
				3D13CB4C28ABB089001113BD /* MemoriesList */,
			);
			path = View;
			sourceTree = "<group>";
		};
		3D13CB4C28ABB089001113BD /* MemoriesList */ = {
			isa = PBXGroup;
			children = (
				3D13CB2B28AA9511001113BD /* MemoriesListView.swift */,
				3D13CB3E28AAB4E6001113BD /* MemoryListEntryView.swift */,
			);
			path = MemoriesList;
			sourceTree = "<group>";
		};
		3D13CB4D28ABF8AD001113BD /* UpcomingMemories */ = {
			isa = PBXGroup;
			children = (
				3D13CB2928AA948D001113BD /* UpcomingMemoriesView.swift */,
				3D13CB5328ABFF3C001113BD /* UpcomingMemoriesView-ViewModel.swift */,
				3D13CB5528AC017B001113BD /* UpcomingMemoryListEntryView.swift */,
				3D1C9B5F2902A2DC007DFC6A /* UpcomingMemoryListEntryView-ViewModel.swift */,
			);
			path = UpcomingMemories;
			sourceTree = "<group>";
		};
		3D13CB4E28ABF8BA001113BD /* Settings */ = {
			isa = PBXGroup;
			children = (
				3D13CB2D28AA9561001113BD /* SettingsView.swift */,
				3D13CB5A28ACE1E9001113BD /* NotificationSettingsView.swift */,
				3D1C9B572902A257007DFC6A /* NotificationSettingsView-ViewModel.swift */,
				3D04CE3C28AF6D8C005D7A90 /* PrivacySettingsView.swift */,
				3D2D081828E999980036B26D /* DeletedMemoriesListView.swift */,
				3D50727B28FE82910041FE28 /* ResetMemoriesView.swift */,
			);
			path = Settings;
			sourceTree = "<group>";
		};
		3D13CB4F28ABF8C9001113BD /* EditMemory */ = {
			isa = PBXGroup;
			children = (
				3D13CB3128AA9DB6001113BD /* EditMemoryView.swift */,
				3D13CB5128ABF99D001113BD /* EditMemory-ViewModel.swift */,
			);
			path = EditMemory;
			sourceTree = "<group>";
		};
		3D13CB5028ABF8D4001113BD /* Components */ = {
			isa = PBXGroup;
			children = (
				3D13CB3328AAA29C001113BD /* ImagePicker.swift */,
			);
			path = Components;
			sourceTree = "<group>";
		};
		3D13CB5728ACD5FC001113BD /* Helper */ = {
			isa = PBXGroup;
			children = (
				3D2D081628E998C00036B26D /* ColorHelper.swift */,
				3D13CB5828ACD60C001113BD /* NotificationHelper.swift */,
				3D13CB5E28AD364A001113BD /* SettingsHelper.swift */,
				3D04CE3E28AF6FBB005D7A90 /* AuthenticationHelper.swift */,
				3D2E6BEC28FAF5F600C1CC4D /* ImageSaverHelper.swift */,
				3D50727928FE72CE0041FE28 /* MemoryIOHelper.swift */,
			);
			path = Helper;
			sourceTree = "<group>";
		};
		3D13CB6528AE2C26001113BD /* Timeline */ = {
			isa = PBXGroup;
			children = (
				3D13CB6628AE2C38001113BD /* TimelineView.swift */,
				3D13CB6828AE4BB7001113BD /* TimelineYearView.swift */,
			);
			path = Timeline;
			sourceTree = "<group>";
		};
		3D1B891928D438E100A7046B /* Details */ = {
			isa = PBXGroup;
			children = (
				3D1B891A28D438FE00A7046B /* MemoryDetailView.swift */,
				3D1C9B4F2902A202007DFC6A /* MemoryDetailView-ViewModel.swift */,
			);
			path = Details;
			sourceTree = "<group>";
		};
		3D2E6BF928FD164600C1CC4D /* RememberTests */ = {
			isa = PBXGroup;
			children = (
				3D2E6C0328FD194800C1CC4D /* DateExtensionsTests.swift */,
				3D089A8828FD73E90079A2F0 /* ViewExtensionsTest.swift */,
				3D089A8A28FD75690079A2F0 /* MemoriesTests.swift */,
			);
			path = RememberTests;
			sourceTree = "<group>";
		};
		3D50728128FF17420041FE28 /* Documentation */ = {
			isa = PBXGroup;
			children = (
				3DBC9D2F28FFD47E005372DE /* map.jpeg */,
				3DBC9D2D28FFD441005372DE /* mac.jpeg */,
				3DBC9D2B28FFD402005372DE /* upcoming.jpeg */,
				3DBC9D2928FFD3E6005372DE /* historic.jpeg */,
				3DBC9D2728FFD38A005372DE /* header.png */,
			);
			path = Documentation;
			sourceTree = "<group>";
		};
		3DC24F2428D84B1100128AC2 /* Map */ = {
			isa = PBXGroup;
			children = (
				3DC24F2528D84B2200128AC2 /* MapView.swift */,
				3D09F28929056BB400D856A0 /* MapAnnotationContent.swift */,
			);
			path = Map;
			sourceTree = "<group>";
		};
/* End PBXGroup section */

/* Begin PBXNativeTarget section */
		3D13CB1728AA8FFB001113BD /* Remember */ = {
			isa = PBXNativeTarget;
			buildConfigurationList = 3D13CB2628AA8FFE001113BD /* Build configuration list for PBXNativeTarget "Remember" */;
			buildPhases = (
				3D13CB1428AA8FFB001113BD /* Sources */,
				3D13CB1528AA8FFB001113BD /* Frameworks */,
				3D13CB1628AA8FFB001113BD /* Resources */,
			);
			buildRules = (
			);
			dependencies = (
			);
			name = Remember;
			packageProductDependencies = (
				3D13CB3628AAA76E001113BD /* LocationPicker */,
				3DF4A1FC28EC763D005FE110 /* HotReloading */,
			);
			productName = Remember;
			productReference = 3D13CB1828AA8FFB001113BD /* Remember.app */;
			productType = "com.apple.product-type.application";
		};
		3D2E6BF728FD164600C1CC4D /* RememberTests */ = {
			isa = PBXNativeTarget;
			buildConfigurationList = 3D2E6BFE28FD164600C1CC4D /* Build configuration list for PBXNativeTarget "RememberTests" */;
			buildPhases = (
				3D2E6BF428FD164600C1CC4D /* Sources */,
				3D2E6BF528FD164600C1CC4D /* Frameworks */,
				3D2E6BF628FD164600C1CC4D /* Resources */,
			);
			buildRules = (
			);
			dependencies = (
				3D2E6BFD28FD164600C1CC4D /* PBXTargetDependency */,
			);
			name = RememberTests;
			productName = RememberTests;
			productReference = 3D2E6BF828FD164600C1CC4D /* RememberTests.xctest */;
			productType = "com.apple.product-type.bundle.unit-test";
		};
/* End PBXNativeTarget section */

/* Begin PBXProject section */
		3D13CB1028AA8FFB001113BD /* Project object */ = {
			isa = PBXProject;
			attributes = {
				BuildIndependentTargetsInParallel = 1;
				LastSwiftUpdateCheck = 1340;
				LastUpgradeCheck = 1340;
				TargetAttributes = {
					3D13CB1728AA8FFB001113BD = {
						CreatedOnToolsVersion = 13.4.1;
					};
					3D2E6BF728FD164600C1CC4D = {
						CreatedOnToolsVersion = 13.4.1;
						TestTargetID = 3D13CB1728AA8FFB001113BD;
					};
				};
			};
			buildConfigurationList = 3D13CB1328AA8FFB001113BD /* Build configuration list for PBXProject "Remember" */;
			compatibilityVersion = "Xcode 13.0";
			developmentRegion = en;
			hasScannedForEncodings = 0;
			knownRegions = (
				en,
				Base,
				de,
			);
			mainGroup = 3D13CB0F28AA8FFB001113BD;
			packageReferences = (
				3D13CB3528AAA76E001113BD /* XCRemoteSwiftPackageReference "LocationPickerForSwiftUI" */,
				3DF4A1FB28EC763D005FE110 /* XCRemoteSwiftPackageReference "HotReloading" */,
			);
			productRefGroup = 3D13CB1928AA8FFB001113BD /* Products */;
			projectDirPath = "";
			projectRoot = "";
			targets = (
				3D13CB1728AA8FFB001113BD /* Remember */,
				3D2E6BF728FD164600C1CC4D /* RememberTests */,
			);
		};
/* End PBXProject section */

/* Begin PBXResourcesBuildPhase section */
		3D13CB1628AA8FFB001113BD /* Resources */ = {
			isa = PBXResourcesBuildPhase;
			buildActionMask = 2147483647;
			files = (
				3D13CB2328AA8FFE001113BD /* Preview Assets.xcassets in Resources */,
				3D2E6BF028FAFD9B00C1CC4D /* Localizable.strings in Resources */,
				3DBC9D2C28FFD402005372DE /* upcoming.jpeg in Resources */,
				3DBC9D2A28FFD3E6005372DE /* historic.jpeg in Resources */,
				3D50728028FF171D0041FE28 /* README.md in Resources */,
				3DBC9D2E28FFD441005372DE /* mac.jpeg in Resources */,
				3DBC9D2828FFD38A005372DE /* header.png in Resources */,
				3D13CB2028AA8FFE001113BD /* Assets.xcassets in Resources */,
				3DBC9D3028FFD47E005372DE /* map.jpeg in Resources */,
			);
			runOnlyForDeploymentPostprocessing = 0;
		};
		3D2E6BF628FD164600C1CC4D /* Resources */ = {
			isa = PBXResourcesBuildPhase;
			buildActionMask = 2147483647;
			files = (
			);
			runOnlyForDeploymentPostprocessing = 0;
		};
/* End PBXResourcesBuildPhase section */

/* Begin PBXSourcesBuildPhase section */
		3D13CB1428AA8FFB001113BD /* Sources */ = {
			isa = PBXSourcesBuildPhase;
			buildActionMask = 2147483647;
			files = (
				3D04CE3D28AF6D8C005D7A90 /* PrivacySettingsView.swift in Sources */,
				3D09F28A29056BB400D856A0 /* MapAnnotationContent.swift in Sources */,
				3D13CB3228AA9DB6001113BD /* EditMemoryView.swift in Sources */,
				3D13CB3F28AAB4E6001113BD /* MemoryListEntryView.swift in Sources */,
				3D13CB2E28AA9561001113BD /* SettingsView.swift in Sources */,
				3D13CB5B28ACE1E9001113BD /* NotificationSettingsView.swift in Sources */,
				3D13CB2A28AA948D001113BD /* UpcomingMemoriesView.swift in Sources */,
				3D2D081928E999980036B26D /* DeletedMemoriesListView.swift in Sources */,
				3DC24F2628D84B2200128AC2 /* MapView.swift in Sources */,
				3D13CB2C28AA9511001113BD /* MemoriesListView.swift in Sources */,
				3D128C7228EBF14300481562 /* ShapeStyleExtensions.swift in Sources */,
				3D2D081728E998C00036B26D /* ColorHelper.swift in Sources */,
				3D1C9B502902A202007DFC6A /* MemoryDetailView-ViewModel.swift in Sources */,
				3D13CB3D28AAB0FC001113BD /* Memory.swift in Sources */,
				3D1C9B602902A2DC007DFC6A /* UpcomingMemoryListEntryView-ViewModel.swift in Sources */,
				3D13CB4528AB7C6A001113BD /* UpcomingSpecialDay.swift in Sources */,
				3D13CB5628AC017B001113BD /* UpcomingMemoryListEntryView.swift in Sources */,
				3D50727A28FE72CE0041FE28 /* MemoryIOHelper.swift in Sources */,
				3D13CB3B28AAB08D001113BD /* Memories.swift in Sources */,
				3D1C9B582902A257007DFC6A /* NotificationSettingsView-ViewModel.swift in Sources */,
				3D13CB4728AB8E04001113BD /* CalendarExtensions.swift in Sources */,
				3D1B891B28D438FE00A7046B /* MemoryDetailView.swift in Sources */,
				3D04CE3F28AF6FBB005D7A90 /* AuthenticationHelper.swift in Sources */,
				3D13CB3428AAA29C001113BD /* ImagePicker.swift in Sources */,
				3D13CB1E28AA8FFC001113BD /* ContentView.swift in Sources */,
				3D1C9B4A29028F12007DFC6A /* ExampleMemories.swift in Sources */,
				3D13CB5D28ACF7A9001113BD /* DateExtensions.swift in Sources */,
				3D13CB1C28AA8FFC001113BD /* RememberApp.swift in Sources */,
				3D13CB5F28AD364A001113BD /* SettingsHelper.swift in Sources */,
				3D50727C28FE82910041FE28 /* ResetMemoriesView.swift in Sources */,
				3D13CB6728AE2C38001113BD /* TimelineView.swift in Sources */,
				3D13CB5428ABFF3C001113BD /* UpcomingMemoriesView-ViewModel.swift in Sources */,
				3D13CB4328AB79B6001113BD /* StringExtensions.swift in Sources */,
				3D04CE4428AFA0A2005D7A90 /* ViewExtensions.swift in Sources */,
				3D13CB6928AE4BB7001113BD /* TimelineYearView.swift in Sources */,
				3D04CE4228AF70DC005D7A90 /* LockView.swift in Sources */,
				3D13CB5928ACD60C001113BD /* NotificationHelper.swift in Sources */,
				3D2E6BED28FAF5F600C1CC4D /* ImageSaverHelper.swift in Sources */,
				3D13CB4128AB7785001113BD /* BundleExtensions.swift in Sources */,
				3D13CB5228ABF99D001113BD /* EditMemory-ViewModel.swift in Sources */,
			);
			runOnlyForDeploymentPostprocessing = 0;
		};
		3D2E6BF428FD164600C1CC4D /* Sources */ = {
			isa = PBXSourcesBuildPhase;
			buildActionMask = 2147483647;
			files = (
				3D089A8B28FD75690079A2F0 /* MemoriesTests.swift in Sources */,
				3D089A8928FD73E90079A2F0 /* ViewExtensionsTest.swift in Sources */,
				3D2E6C0428FD194800C1CC4D /* DateExtensionsTests.swift in Sources */,
			);
			runOnlyForDeploymentPostprocessing = 0;
		};
/* End PBXSourcesBuildPhase section */

/* Begin PBXTargetDependency section */
		3D2E6BFD28FD164600C1CC4D /* PBXTargetDependency */ = {
			isa = PBXTargetDependency;
			target = 3D13CB1728AA8FFB001113BD /* Remember */;
			targetProxy = 3D2E6BFC28FD164600C1CC4D /* PBXContainerItemProxy */;
		};
/* End PBXTargetDependency section */

/* Begin PBXVariantGroup section */
		3D2E6BF228FAFD9B00C1CC4D /* Localizable.strings */ = {
			isa = PBXVariantGroup;
			children = (
				3D2E6BF128FAFD9B00C1CC4D /* en */,
				3D2E6BF328FAFDC400C1CC4D /* de */,
			);
			name = Localizable.strings;
			sourceTree = "<group>";
		};
/* End PBXVariantGroup section */

/* Begin XCBuildConfiguration section */
		3D13CB2428AA8FFE001113BD /* Debug */ = {
			isa = XCBuildConfiguration;
			buildSettings = {
				ALWAYS_SEARCH_USER_PATHS = NO;
				CLANG_ANALYZER_LOCALIZABILITY_NONLOCALIZED = YES;
				CLANG_ANALYZER_NONNULL = YES;
				CLANG_ANALYZER_NUMBER_OBJECT_CONVERSION = YES_AGGRESSIVE;
				CLANG_CXX_LANGUAGE_STANDARD = "gnu++17";
				CLANG_ENABLE_MODULES = YES;
				CLANG_ENABLE_OBJC_ARC = YES;
				CLANG_ENABLE_OBJC_WEAK = YES;
				CLANG_WARN_BLOCK_CAPTURE_AUTORELEASING = YES;
				CLANG_WARN_BOOL_CONVERSION = YES;
				CLANG_WARN_COMMA = YES;
				CLANG_WARN_CONSTANT_CONVERSION = YES;
				CLANG_WARN_DEPRECATED_OBJC_IMPLEMENTATIONS = YES;
				CLANG_WARN_DIRECT_OBJC_ISA_USAGE = YES_ERROR;
				CLANG_WARN_DOCUMENTATION_COMMENTS = YES;
				CLANG_WARN_EMPTY_BODY = YES;
				CLANG_WARN_ENUM_CONVERSION = YES;
				CLANG_WARN_INFINITE_RECURSION = YES;
				CLANG_WARN_INT_CONVERSION = YES;
				CLANG_WARN_NON_LITERAL_NULL_CONVERSION = YES;
				CLANG_WARN_OBJC_IMPLICIT_RETAIN_SELF = YES;
				CLANG_WARN_OBJC_LITERAL_CONVERSION = YES;
				CLANG_WARN_OBJC_ROOT_CLASS = YES_ERROR;
				CLANG_WARN_QUOTED_INCLUDE_IN_FRAMEWORK_HEADER = YES;
				CLANG_WARN_RANGE_LOOP_ANALYSIS = YES;
				CLANG_WARN_STRICT_PROTOTYPES = YES;
				CLANG_WARN_SUSPICIOUS_MOVE = YES;
				CLANG_WARN_UNGUARDED_AVAILABILITY = YES_AGGRESSIVE;
				CLANG_WARN_UNREACHABLE_CODE = YES;
				CLANG_WARN__DUPLICATE_METHOD_MATCH = YES;
				COPY_PHASE_STRIP = NO;
				DEBUG_INFORMATION_FORMAT = dwarf;
				ENABLE_STRICT_OBJC_MSGSEND = YES;
				ENABLE_TESTABILITY = YES;
				GCC_C_LANGUAGE_STANDARD = gnu11;
				GCC_DYNAMIC_NO_PIC = NO;
				GCC_NO_COMMON_BLOCKS = YES;
				GCC_OPTIMIZATION_LEVEL = 0;
				GCC_PREPROCESSOR_DEFINITIONS = (
					"DEBUG=1",
					"$(inherited)",
				);
				GCC_WARN_64_TO_32_BIT_CONVERSION = YES;
				GCC_WARN_ABOUT_RETURN_TYPE = YES_ERROR;
				GCC_WARN_UNDECLARED_SELECTOR = YES;
				GCC_WARN_UNINITIALIZED_AUTOS = YES_AGGRESSIVE;
				GCC_WARN_UNUSED_FUNCTION = YES;
				GCC_WARN_UNUSED_VARIABLE = YES;
				IPHONEOS_DEPLOYMENT_TARGET = 15.5;
				MTL_ENABLE_DEBUG_INFO = INCLUDE_SOURCE;
				MTL_FAST_MATH = YES;
				ONLY_ACTIVE_ARCH = YES;
				OTHER_LDFLAGS = "\"-Xlinker -interposable\"";
				SDKROOT = iphoneos;
				SWIFT_ACTIVE_COMPILATION_CONDITIONS = DEBUG;
				SWIFT_OPTIMIZATION_LEVEL = "-Onone";
			};
			name = Debug;
		};
		3D13CB2528AA8FFE001113BD /* Release */ = {
			isa = XCBuildConfiguration;
			buildSettings = {
				ALWAYS_SEARCH_USER_PATHS = NO;
				CLANG_ANALYZER_LOCALIZABILITY_NONLOCALIZED = YES;
				CLANG_ANALYZER_NONNULL = YES;
				CLANG_ANALYZER_NUMBER_OBJECT_CONVERSION = YES_AGGRESSIVE;
				CLANG_CXX_LANGUAGE_STANDARD = "gnu++17";
				CLANG_ENABLE_MODULES = YES;
				CLANG_ENABLE_OBJC_ARC = YES;
				CLANG_ENABLE_OBJC_WEAK = YES;
				CLANG_WARN_BLOCK_CAPTURE_AUTORELEASING = YES;
				CLANG_WARN_BOOL_CONVERSION = YES;
				CLANG_WARN_COMMA = YES;
				CLANG_WARN_CONSTANT_CONVERSION = YES;
				CLANG_WARN_DEPRECATED_OBJC_IMPLEMENTATIONS = YES;
				CLANG_WARN_DIRECT_OBJC_ISA_USAGE = YES_ERROR;
				CLANG_WARN_DOCUMENTATION_COMMENTS = YES;
				CLANG_WARN_EMPTY_BODY = YES;
				CLANG_WARN_ENUM_CONVERSION = YES;
				CLANG_WARN_INFINITE_RECURSION = YES;
				CLANG_WARN_INT_CONVERSION = YES;
				CLANG_WARN_NON_LITERAL_NULL_CONVERSION = YES;
				CLANG_WARN_OBJC_IMPLICIT_RETAIN_SELF = YES;
				CLANG_WARN_OBJC_LITERAL_CONVERSION = YES;
				CLANG_WARN_OBJC_ROOT_CLASS = YES_ERROR;
				CLANG_WARN_QUOTED_INCLUDE_IN_FRAMEWORK_HEADER = YES;
				CLANG_WARN_RANGE_LOOP_ANALYSIS = YES;
				CLANG_WARN_STRICT_PROTOTYPES = YES;
				CLANG_WARN_SUSPICIOUS_MOVE = YES;
				CLANG_WARN_UNGUARDED_AVAILABILITY = YES_AGGRESSIVE;
				CLANG_WARN_UNREACHABLE_CODE = YES;
				CLANG_WARN__DUPLICATE_METHOD_MATCH = YES;
				COPY_PHASE_STRIP = NO;
				DEBUG_INFORMATION_FORMAT = "dwarf-with-dsym";
				ENABLE_NS_ASSERTIONS = NO;
				ENABLE_STRICT_OBJC_MSGSEND = YES;
				GCC_C_LANGUAGE_STANDARD = gnu11;
				GCC_NO_COMMON_BLOCKS = YES;
				GCC_WARN_64_TO_32_BIT_CONVERSION = YES;
				GCC_WARN_ABOUT_RETURN_TYPE = YES_ERROR;
				GCC_WARN_UNDECLARED_SELECTOR = YES;
				GCC_WARN_UNINITIALIZED_AUTOS = YES_AGGRESSIVE;
				GCC_WARN_UNUSED_FUNCTION = YES;
				GCC_WARN_UNUSED_VARIABLE = YES;
				IPHONEOS_DEPLOYMENT_TARGET = 15.5;
				MTL_ENABLE_DEBUG_INFO = NO;
				MTL_FAST_MATH = YES;
				OTHER_LDFLAGS = "\"-Xlinker -interposable\"";
				SDKROOT = iphoneos;
				SWIFT_COMPILATION_MODE = wholemodule;
				SWIFT_OPTIMIZATION_LEVEL = "-O";
				VALIDATE_PRODUCT = YES;
			};
			name = Release;
		};
		3D13CB2728AA8FFE001113BD /* Debug */ = {
			isa = XCBuildConfiguration;
			buildSettings = {
				ASSETCATALOG_COMPILER_APPICON_NAME = AppIcon;
				ASSETCATALOG_COMPILER_GLOBAL_ACCENT_COLOR_NAME = AccentColor;
				CODE_SIGN_STYLE = Automatic;
				CURRENT_PROJECT_VERSION = 1;
				DEVELOPMENT_ASSET_PATHS = "\"Remember/Preview Content\"";
				DEVELOPMENT_TEAM = FB3RP3NRT7;
				ENABLE_PREVIEWS = YES;
				GENERATE_INFOPLIST_FILE = YES;
				INFOPLIST_FILE = Remember/Info.plist;
				INFOPLIST_KEY_LSApplicationCategoryType = "";
				INFOPLIST_KEY_NSFaceIDUsageDescription = "You can use Face ID to unlock the app";
				INFOPLIST_KEY_NSPhotoLibraryAddUsageDescription = "You can save visual reminders for upcoming memories in your photo library";
				INFOPLIST_KEY_UIApplicationSceneManifest_Generation = YES;
				INFOPLIST_KEY_UIApplicationSupportsIndirectInputEvents = YES;
				INFOPLIST_KEY_UILaunchScreen_Generation = YES;
				INFOPLIST_KEY_UISupportedInterfaceOrientations_iPad = "UIInterfaceOrientationPortrait UIInterfaceOrientationPortraitUpsideDown UIInterfaceOrientationLandscapeLeft UIInterfaceOrientationLandscapeRight";
				INFOPLIST_KEY_UISupportedInterfaceOrientations_iPhone = UIInterfaceOrientationPortrait;
				LD_RUNPATH_SEARCH_PATHS = (
					"$(inherited)",
					"@executable_path/Frameworks",
				);
				MARKETING_VERSION = 1.0;
				PRODUCT_BUNDLE_IDENTIFIER = ch.janhuber.Remember;
				PRODUCT_NAME = "$(TARGET_NAME)";
				SWIFT_EMIT_LOC_STRINGS = YES;
				SWIFT_VERSION = 5.0;
				TARGETED_DEVICE_FAMILY = "1,2";
			};
			name = Debug;
		};
		3D13CB2828AA8FFE001113BD /* Release */ = {
			isa = XCBuildConfiguration;
			buildSettings = {
				ASSETCATALOG_COMPILER_APPICON_NAME = AppIcon;
				ASSETCATALOG_COMPILER_GLOBAL_ACCENT_COLOR_NAME = AccentColor;
				CODE_SIGN_STYLE = Automatic;
				CURRENT_PROJECT_VERSION = 1;
				DEVELOPMENT_ASSET_PATHS = "\"Remember/Preview Content\"";
				DEVELOPMENT_TEAM = FB3RP3NRT7;
				ENABLE_PREVIEWS = YES;
				GENERATE_INFOPLIST_FILE = YES;
				INFOPLIST_FILE = Remember/Info.plist;
				INFOPLIST_KEY_LSApplicationCategoryType = "";
				INFOPLIST_KEY_NSFaceIDUsageDescription = "You can use Face ID to unlock the app";
				INFOPLIST_KEY_NSPhotoLibraryAddUsageDescription = "You can save visual reminders for upcoming memories in your photo library";
				INFOPLIST_KEY_UIApplicationSceneManifest_Generation = YES;
				INFOPLIST_KEY_UIApplicationSupportsIndirectInputEvents = YES;
				INFOPLIST_KEY_UILaunchScreen_Generation = YES;
				INFOPLIST_KEY_UISupportedInterfaceOrientations_iPad = "UIInterfaceOrientationPortrait UIInterfaceOrientationPortraitUpsideDown UIInterfaceOrientationLandscapeLeft UIInterfaceOrientationLandscapeRight";
				INFOPLIST_KEY_UISupportedInterfaceOrientations_iPhone = UIInterfaceOrientationPortrait;
				LD_RUNPATH_SEARCH_PATHS = (
					"$(inherited)",
					"@executable_path/Frameworks",
				);
				MARKETING_VERSION = 1.0;
				PRODUCT_BUNDLE_IDENTIFIER = ch.janhuber.Remember;
				PRODUCT_NAME = "$(TARGET_NAME)";
				SWIFT_EMIT_LOC_STRINGS = YES;
				SWIFT_VERSION = 5.0;
				TARGETED_DEVICE_FAMILY = "1,2";
			};
			name = Release;
		};
		3D2E6BFF28FD164600C1CC4D /* Debug */ = {
			isa = XCBuildConfiguration;
			buildSettings = {
				BUNDLE_LOADER = "$(TEST_HOST)";
				CODE_SIGN_STYLE = Automatic;
				CURRENT_PROJECT_VERSION = 1;
				DEVELOPMENT_TEAM = FB3RP3NRT7;
				GENERATE_INFOPLIST_FILE = YES;
				MARKETING_VERSION = 1.0;
				PRODUCT_BUNDLE_IDENTIFIER = ch.janhuber.Remember.RememberTests;
				PRODUCT_NAME = "$(TARGET_NAME)";
				SWIFT_EMIT_LOC_STRINGS = NO;
				SWIFT_VERSION = 5.0;
				TARGETED_DEVICE_FAMILY = "1,2";
				TEST_HOST = "$(BUILT_PRODUCTS_DIR)/Remember.app/Remember";
			};
			name = Debug;
		};
		3D2E6C0028FD164600C1CC4D /* Release */ = {
			isa = XCBuildConfiguration;
			buildSettings = {
				BUNDLE_LOADER = "$(TEST_HOST)";
				CODE_SIGN_STYLE = Automatic;
				CURRENT_PROJECT_VERSION = 1;
				DEVELOPMENT_TEAM = FB3RP3NRT7;
				GENERATE_INFOPLIST_FILE = YES;
				MARKETING_VERSION = 1.0;
				PRODUCT_BUNDLE_IDENTIFIER = ch.janhuber.Remember.RememberTests;
				PRODUCT_NAME = "$(TARGET_NAME)";
				SWIFT_EMIT_LOC_STRINGS = NO;
				SWIFT_VERSION = 5.0;
				TARGETED_DEVICE_FAMILY = "1,2";
				TEST_HOST = "$(BUILT_PRODUCTS_DIR)/Remember.app/Remember";
			};
			name = Release;
		};
/* End XCBuildConfiguration section */

/* Begin XCConfigurationList section */
		3D13CB1328AA8FFB001113BD /* Build configuration list for PBXProject "Remember" */ = {
			isa = XCConfigurationList;
			buildConfigurations = (
				3D13CB2428AA8FFE001113BD /* Debug */,
				3D13CB2528AA8FFE001113BD /* Release */,
			);
			defaultConfigurationIsVisible = 0;
			defaultConfigurationName = Release;
		};
		3D13CB2628AA8FFE001113BD /* Build configuration list for PBXNativeTarget "Remember" */ = {
			isa = XCConfigurationList;
			buildConfigurations = (
				3D13CB2728AA8FFE001113BD /* Debug */,
				3D13CB2828AA8FFE001113BD /* Release */,
			);
			defaultConfigurationIsVisible = 0;
			defaultConfigurationName = Release;
		};
		3D2E6BFE28FD164600C1CC4D /* Build configuration list for PBXNativeTarget "RememberTests" */ = {
			isa = XCConfigurationList;
			buildConfigurations = (
				3D2E6BFF28FD164600C1CC4D /* Debug */,
				3D2E6C0028FD164600C1CC4D /* Release */,
			);
			defaultConfigurationIsVisible = 0;
			defaultConfigurationName = Release;
		};
/* End XCConfigurationList section */

/* Begin XCRemoteSwiftPackageReference section */
		3D13CB3528AAA76E001113BD /* XCRemoteSwiftPackageReference "LocationPickerForSwiftUI" */ = {
			isa = XCRemoteSwiftPackageReference;
			repositoryURL = "https://github.com/alessiorubicini/LocationPickerForSwiftUI";
			requirement = {
				kind = upToNextMajorVersion;
				minimumVersion = 1.0.0;
			};
		};
		3DF4A1FB28EC763D005FE110 /* XCRemoteSwiftPackageReference "HotReloading" */ = {
			isa = XCRemoteSwiftPackageReference;
			repositoryURL = "https://github.com/johnno1962/HotReloading";
			requirement = {
				kind = upToNextMajorVersion;
				minimumVersion = 4.0.0;
			};
		};
/* End XCRemoteSwiftPackageReference section */

/* Begin XCSwiftPackageProductDependency section */
		3D13CB3628AAA76E001113BD /* LocationPicker */ = {
			isa = XCSwiftPackageProductDependency;
			package = 3D13CB3528AAA76E001113BD /* XCRemoteSwiftPackageReference "LocationPickerForSwiftUI" */;
			productName = LocationPicker;
		};
		3DF4A1FC28EC763D005FE110 /* HotReloading */ = {
			isa = XCSwiftPackageProductDependency;
			package = 3DF4A1FB28EC763D005FE110 /* XCRemoteSwiftPackageReference "HotReloading" */;
			productName = HotReloading;
		};
/* End XCSwiftPackageProductDependency section */
	};
	rootObject = 3D13CB1028AA8FFB001113BD /* Project object */;
}
