// !$*UTF8*$!
{
	archiveVersion = 1;
	classes = {
	};
	objectVersion = 55;
	objects = {

/* Begin PBXBuildFile section */
		3D13CB1C28AA8FFC001113BD /* RememberApp.swift in Sources */ = {isa = PBXBuildFile; fileRef = 3D13CB1B28AA8FFC001113BD /* RememberApp.swift */; };
		3D13CB1E28AA8FFC001113BD /* ContentView.swift in Sources */ = {isa = PBXBuildFile; fileRef = 3D13CB1D28AA8FFC001113BD /* ContentView.swift */; };
		3D13CB2028AA8FFE001113BD /* Assets.xcassets in Resources */ = {isa = PBXBuildFile; fileRef = 3D13CB1F28AA8FFE001113BD /* Assets.xcassets */; };
		3D13CB2328AA8FFE001113BD /* Preview Assets.xcassets in Resources */ = {isa = PBXBuildFile; fileRef = 3D13CB2228AA8FFE001113BD /* Preview Assets.xcassets */; };
		3D13CB2A28AA948D001113BD /* UpcomingMemoriesView.swift in Sources */ = {isa = PBXBuildFile; fileRef = 3D13CB2928AA948D001113BD /* UpcomingMemoriesView.swift */; };
		3D13CB2C28AA9511001113BD /* MemoriesListView.swift in Sources */ = {isa = PBXBuildFile; fileRef = 3D13CB2B28AA9511001113BD /* MemoriesListView.swift */; };
		3D13CB2E28AA9561001113BD /* SettingsView.swift in Sources */ = {isa = PBXBuildFile; fileRef = 3D13CB2D28AA9561001113BD /* SettingsView.swift */; };
		3D13CB3028AA9C55001113BD /* MemoriesListView-ViewModel.swift in Sources */ = {isa = PBXBuildFile; fileRef = 3D13CB2F28AA9C55001113BD /* MemoriesListView-ViewModel.swift */; };
		3D13CB3228AA9DB6001113BD /* AddMemoryView.swift in Sources */ = {isa = PBXBuildFile; fileRef = 3D13CB3128AA9DB6001113BD /* AddMemoryView.swift */; };
		3D13CB3428AAA29C001113BD /* ImagePicker.swift in Sources */ = {isa = PBXBuildFile; fileRef = 3D13CB3328AAA29C001113BD /* ImagePicker.swift */; };
		3D13CB3728AAA76E001113BD /* LocationPicker in Frameworks */ = {isa = PBXBuildFile; productRef = 3D13CB3628AAA76E001113BD /* LocationPicker */; };
		3D13CB3928AAA9B8001113BD /* LocationPicker.swift in Sources */ = {isa = PBXBuildFile; fileRef = 3D13CB3828AAA9B8001113BD /* LocationPicker.swift */; };
		3D13CB3B28AAB08D001113BD /* Memories.swift in Sources */ = {isa = PBXBuildFile; fileRef = 3D13CB3A28AAB08D001113BD /* Memories.swift */; };
		3D13CB3D28AAB0FC001113BD /* Memory.swift in Sources */ = {isa = PBXBuildFile; fileRef = 3D13CB3C28AAB0FC001113BD /* Memory.swift */; };
		3D13CB3F28AAB4E6001113BD /* MemoryListEntryView.swift in Sources */ = {isa = PBXBuildFile; fileRef = 3D13CB3E28AAB4E6001113BD /* MemoryListEntryView.swift */; };
/* End PBXBuildFile section */

/* Begin PBXFileReference section */
		3D13CB1828AA8FFB001113BD /* Remember.app */ = {isa = PBXFileReference; explicitFileType = wrapper.application; includeInIndex = 0; path = Remember.app; sourceTree = BUILT_PRODUCTS_DIR; };
		3D13CB1B28AA8FFC001113BD /* RememberApp.swift */ = {isa = PBXFileReference; lastKnownFileType = sourcecode.swift; path = RememberApp.swift; sourceTree = "<group>"; };
		3D13CB1D28AA8FFC001113BD /* ContentView.swift */ = {isa = PBXFileReference; lastKnownFileType = sourcecode.swift; path = ContentView.swift; sourceTree = "<group>"; };
		3D13CB1F28AA8FFE001113BD /* Assets.xcassets */ = {isa = PBXFileReference; lastKnownFileType = folder.assetcatalog; path = Assets.xcassets; sourceTree = "<group>"; };
		3D13CB2228AA8FFE001113BD /* Preview Assets.xcassets */ = {isa = PBXFileReference; lastKnownFileType = folder.assetcatalog; path = "Preview Assets.xcassets"; sourceTree = "<group>"; };
		3D13CB2928AA948D001113BD /* UpcomingMemoriesView.swift */ = {isa = PBXFileReference; lastKnownFileType = sourcecode.swift; path = UpcomingMemoriesView.swift; sourceTree = "<group>"; };
		3D13CB2B28AA9511001113BD /* MemoriesListView.swift */ = {isa = PBXFileReference; lastKnownFileType = sourcecode.swift; path = MemoriesListView.swift; sourceTree = "<group>"; };
		3D13CB2D28AA9561001113BD /* SettingsView.swift */ = {isa = PBXFileReference; lastKnownFileType = sourcecode.swift; path = SettingsView.swift; sourceTree = "<group>"; };
		3D13CB2F28AA9C55001113BD /* MemoriesListView-ViewModel.swift */ = {isa = PBXFileReference; lastKnownFileType = sourcecode.swift; path = "MemoriesListView-ViewModel.swift"; sourceTree = "<group>"; };
		3D13CB3128AA9DB6001113BD /* AddMemoryView.swift */ = {isa = PBXFileReference; lastKnownFileType = sourcecode.swift; path = AddMemoryView.swift; sourceTree = "<group>"; };
		3D13CB3328AAA29C001113BD /* ImagePicker.swift */ = {isa = PBXFileReference; lastKnownFileType = sourcecode.swift; path = ImagePicker.swift; sourceTree = "<group>"; };
		3D13CB3828AAA9B8001113BD /* LocationPicker.swift */ = {isa = PBXFileReference; lastKnownFileType = sourcecode.swift; path = LocationPicker.swift; sourceTree = "<group>"; };
		3D13CB3A28AAB08D001113BD /* Memories.swift */ = {isa = PBXFileReference; lastKnownFileType = sourcecode.swift; path = Memories.swift; sourceTree = "<group>"; };
		3D13CB3C28AAB0FC001113BD /* Memory.swift */ = {isa = PBXFileReference; lastKnownFileType = sourcecode.swift; path = Memory.swift; sourceTree = "<group>"; };
		3D13CB3E28AAB4E6001113BD /* MemoryListEntryView.swift */ = {isa = PBXFileReference; lastKnownFileType = sourcecode.swift; path = MemoryListEntryView.swift; sourceTree = "<group>"; };
/* End PBXFileReference section */

/* Begin PBXFrameworksBuildPhase section */
		3D13CB1528AA8FFB001113BD /* Frameworks */ = {
			isa = PBXFrameworksBuildPhase;
			buildActionMask = 2147483647;
			files = (
				3D13CB3728AAA76E001113BD /* LocationPicker in Frameworks */,
			);
			runOnlyForDeploymentPostprocessing = 0;
		};
/* End PBXFrameworksBuildPhase section */

/* Begin PBXGroup section */
		3D13CB0F28AA8FFB001113BD = {
			isa = PBXGroup;
			children = (
				3D13CB1A28AA8FFB001113BD /* Remember */,
				3D13CB1928AA8FFB001113BD /* Products */,
			);
			sourceTree = "<group>";
		};
		3D13CB1928AA8FFB001113BD /* Products */ = {
			isa = PBXGroup;
			children = (
				3D13CB1828AA8FFB001113BD /* Remember.app */,
			);
			name = Products;
			sourceTree = "<group>";
		};
		3D13CB1A28AA8FFB001113BD /* Remember */ = {
			isa = PBXGroup;
			children = (
				3D13CB1B28AA8FFC001113BD /* RememberApp.swift */,
				3D13CB1D28AA8FFC001113BD /* ContentView.swift */,
				3D13CB1F28AA8FFE001113BD /* Assets.xcassets */,
				3D13CB2128AA8FFE001113BD /* Preview Content */,
				3D13CB2928AA948D001113BD /* UpcomingMemoriesView.swift */,
				3D13CB2B28AA9511001113BD /* MemoriesListView.swift */,
				3D13CB2D28AA9561001113BD /* SettingsView.swift */,
				3D13CB2F28AA9C55001113BD /* MemoriesListView-ViewModel.swift */,
				3D13CB3128AA9DB6001113BD /* AddMemoryView.swift */,
				3D13CB3328AAA29C001113BD /* ImagePicker.swift */,
				3D13CB3828AAA9B8001113BD /* LocationPicker.swift */,
				3D13CB3A28AAB08D001113BD /* Memories.swift */,
				3D13CB3C28AAB0FC001113BD /* Memory.swift */,
				3D13CB3E28AAB4E6001113BD /* MemoryListEntryView.swift */,
			);
			path = Remember;
			sourceTree = "<group>";
		};
		3D13CB2128AA8FFE001113BD /* Preview Content */ = {
			isa = PBXGroup;
			children = (
				3D13CB2228AA8FFE001113BD /* Preview Assets.xcassets */,
			);
			path = "Preview Content";
			sourceTree = "<group>";
		};
/* End PBXGroup section */

/* Begin PBXNativeTarget section */
		3D13CB1728AA8FFB001113BD /* Remember */ = {
			isa = PBXNativeTarget;
			buildConfigurationList = 3D13CB2628AA8FFE001113BD /* Build configuration list for PBXNativeTarget "Remember" */;
			buildPhases = (
				3D13CB1428AA8FFB001113BD /* Sources */,
				3D13CB1528AA8FFB001113BD /* Frameworks */,
				3D13CB1628AA8FFB001113BD /* Resources */,
			);
			buildRules = (
			);
			dependencies = (
			);
			name = Remember;
			packageProductDependencies = (
				3D13CB3628AAA76E001113BD /* LocationPicker */,
			);
			productName = Remember;
			productReference = 3D13CB1828AA8FFB001113BD /* Remember.app */;
			productType = "com.apple.product-type.application";
		};
/* End PBXNativeTarget section */

/* Begin PBXProject section */
		3D13CB1028AA8FFB001113BD /* Project object */ = {
			isa = PBXProject;
			attributes = {
				BuildIndependentTargetsInParallel = 1;
				LastSwiftUpdateCheck = 1340;
				LastUpgradeCheck = 1340;
				TargetAttributes = {
					3D13CB1728AA8FFB001113BD = {
						CreatedOnToolsVersion = 13.4.1;
					};
				};
			};
			buildConfigurationList = 3D13CB1328AA8FFB001113BD /* Build configuration list for PBXProject "Remember" */;
			compatibilityVersion = "Xcode 13.0";
			developmentRegion = en;
			hasScannedForEncodings = 0;
			knownRegions = (
				en,
				Base,
			);
			mainGroup = 3D13CB0F28AA8FFB001113BD;
			packageReferences = (
				3D13CB3528AAA76E001113BD /* XCRemoteSwiftPackageReference "LocationPickerForSwiftUI" */,
			);
			productRefGroup = 3D13CB1928AA8FFB001113BD /* Products */;
			projectDirPath = "";
			projectRoot = "";
			targets = (
				3D13CB1728AA8FFB001113BD /* Remember */,
			);
		};
/* End PBXProject section */

/* Begin PBXResourcesBuildPhase section */
		3D13CB1628AA8FFB001113BD /* Resources */ = {
			isa = PBXResourcesBuildPhase;
			buildActionMask = 2147483647;
			files = (
				3D13CB2328AA8FFE001113BD /* Preview Assets.xcassets in Resources */,
				3D13CB2028AA8FFE001113BD /* Assets.xcassets in Resources */,
			);
			runOnlyForDeploymentPostprocessing = 0;
		};
/* End PBXResourcesBuildPhase section */

/* Begin PBXSourcesBuildPhase section */
		3D13CB1428AA8FFB001113BD /* Sources */ = {
			isa = PBXSourcesBuildPhase;
			buildActionMask = 2147483647;
			files = (
				3D13CB3028AA9C55001113BD /* MemoriesListView-ViewModel.swift in Sources */,
				3D13CB3228AA9DB6001113BD /* AddMemoryView.swift in Sources */,
				3D13CB3F28AAB4E6001113BD /* MemoryListEntryView.swift in Sources */,
				3D13CB2E28AA9561001113BD /* SettingsView.swift in Sources */,
				3D13CB2A28AA948D001113BD /* UpcomingMemoriesView.swift in Sources */,
				3D13CB2C28AA9511001113BD /* MemoriesListView.swift in Sources */,
				3D13CB3D28AAB0FC001113BD /* Memory.swift in Sources */,
				3D13CB3B28AAB08D001113BD /* Memories.swift in Sources */,
				3D13CB3428AAA29C001113BD /* ImagePicker.swift in Sources */,
				3D13CB1E28AA8FFC001113BD /* ContentView.swift in Sources */,
				3D13CB1C28AA8FFC001113BD /* RememberApp.swift in Sources */,
				3D13CB3928AAA9B8001113BD /* LocationPicker.swift in Sources */,
			);
			runOnlyForDeploymentPostprocessing = 0;
		};
/* End PBXSourcesBuildPhase section */

/* Begin XCBuildConfiguration section */
		3D13CB2428AA8FFE001113BD /* Debug */ = {
			isa = XCBuildConfiguration;
			buildSettings = {
				ALWAYS_SEARCH_USER_PATHS = NO;
				CLANG_ANALYZER_NONNULL = YES;
				CLANG_ANALYZER_NUMBER_OBJECT_CONVERSION = YES_AGGRESSIVE;
				CLANG_CXX_LANGUAGE_STANDARD = "gnu++17";
				CLANG_ENABLE_MODULES = YES;
				CLANG_ENABLE_OBJC_ARC = YES;
				CLANG_ENABLE_OBJC_WEAK = YES;
				CLANG_WARN_BLOCK_CAPTURE_AUTORELEASING = YES;
				CLANG_WARN_BOOL_CONVERSION = YES;
				CLANG_WARN_COMMA = YES;
				CLANG_WARN_CONSTANT_CONVERSION = YES;
				CLANG_WARN_DEPRECATED_OBJC_IMPLEMENTATIONS = YES;
				CLANG_WARN_DIRECT_OBJC_ISA_USAGE = YES_ERROR;
				CLANG_WARN_DOCUMENTATION_COMMENTS = YES;
				CLANG_WARN_EMPTY_BODY = YES;
				CLANG_WARN_ENUM_CONVERSION = YES;
				CLANG_WARN_INFINITE_RECURSION = YES;
				CLANG_WARN_INT_CONVERSION = YES;
				CLANG_WARN_NON_LITERAL_NULL_CONVERSION = YES;
				CLANG_WARN_OBJC_IMPLICIT_RETAIN_SELF = YES;
				CLANG_WARN_OBJC_LITERAL_CONVERSION = YES;
				CLANG_WARN_OBJC_ROOT_CLASS = YES_ERROR;
				CLANG_WARN_QUOTED_INCLUDE_IN_FRAMEWORK_HEADER = YES;
				CLANG_WARN_RANGE_LOOP_ANALYSIS = YES;
				CLANG_WARN_STRICT_PROTOTYPES = YES;
				CLANG_WARN_SUSPICIOUS_MOVE = YES;
				CLANG_WARN_UNGUARDED_AVAILABILITY = YES_AGGRESSIVE;
				CLANG_WARN_UNREACHABLE_CODE = YES;
				CLANG_WARN__DUPLICATE_METHOD_MATCH = YES;
				COPY_PHASE_STRIP = NO;
				DEBUG_INFORMATION_FORMAT = dwarf;
				ENABLE_STRICT_OBJC_MSGSEND = YES;
				ENABLE_TESTABILITY = YES;
				GCC_C_LANGUAGE_STANDARD = gnu11;
				GCC_DYNAMIC_NO_PIC = NO;
				GCC_NO_COMMON_BLOCKS = YES;
				GCC_OPTIMIZATION_LEVEL = 0;
				GCC_PREPROCESSOR_DEFINITIONS = (
					"DEBUG=1",
					"$(inherited)",
				);
				GCC_WARN_64_TO_32_BIT_CONVERSION = YES;
				GCC_WARN_ABOUT_RETURN_TYPE = YES_ERROR;
				GCC_WARN_UNDECLARED_SELECTOR = YES;
				GCC_WARN_UNINITIALIZED_AUTOS = YES_AGGRESSIVE;
				GCC_WARN_UNUSED_FUNCTION = YES;
				GCC_WARN_UNUSED_VARIABLE = YES;
				IPHONEOS_DEPLOYMENT_TARGET = 15.5;
				MTL_ENABLE_DEBUG_INFO = INCLUDE_SOURCE;
				MTL_FAST_MATH = YES;
				ONLY_ACTIVE_ARCH = YES;
				SDKROOT = iphoneos;
				SWIFT_ACTIVE_COMPILATION_CONDITIONS = DEBUG;
				SWIFT_OPTIMIZATION_LEVEL = "-Onone";
			};
			name = Debug;
		};
		3D13CB2528AA8FFE001113BD /* Release */ = {
			isa = XCBuildConfiguration;
			buildSettings = {
				ALWAYS_SEARCH_USER_PATHS = NO;
				CLANG_ANALYZER_NONNULL = YES;
				CLANG_ANALYZER_NUMBER_OBJECT_CONVERSION = YES_AGGRESSIVE;
				CLANG_CXX_LANGUAGE_STANDARD = "gnu++17";
				CLANG_ENABLE_MODULES = YES;
				CLANG_ENABLE_OBJC_ARC = YES;
				CLANG_ENABLE_OBJC_WEAK = YES;
				CLANG_WARN_BLOCK_CAPTURE_AUTORELEASING = YES;
				CLANG_WARN_BOOL_CONVERSION = YES;
				CLANG_WARN_COMMA = YES;
				CLANG_WARN_CONSTANT_CONVERSION = YES;
				CLANG_WARN_DEPRECATED_OBJC_IMPLEMENTATIONS = YES;
				CLANG_WARN_DIRECT_OBJC_ISA_USAGE = YES_ERROR;
				CLANG_WARN_DOCUMENTATION_COMMENTS = YES;
				CLANG_WARN_EMPTY_BODY = YES;
				CLANG_WARN_ENUM_CONVERSION = YES;
				CLANG_WARN_INFINITE_RECURSION = YES;
				CLANG_WARN_INT_CONVERSION = YES;
				CLANG_WARN_NON_LITERAL_NULL_CONVERSION = YES;
				CLANG_WARN_OBJC_IMPLICIT_RETAIN_SELF = YES;
				CLANG_WARN_OBJC_LITERAL_CONVERSION = YES;
				CLANG_WARN_OBJC_ROOT_CLASS = YES_ERROR;
				CLANG_WARN_QUOTED_INCLUDE_IN_FRAMEWORK_HEADER = YES;
				CLANG_WARN_RANGE_LOOP_ANALYSIS = YES;
				CLANG_WARN_STRICT_PROTOTYPES = YES;
				CLANG_WARN_SUSPICIOUS_MOVE = YES;
				CLANG_WARN_UNGUARDED_AVAILABILITY = YES_AGGRESSIVE;
				CLANG_WARN_UNREACHABLE_CODE = YES;
				CLANG_WARN__DUPLICATE_METHOD_MATCH = YES;
				COPY_PHASE_STRIP = NO;
				DEBUG_INFORMATION_FORMAT = "dwarf-with-dsym";
				ENABLE_NS_ASSERTIONS = NO;
				ENABLE_STRICT_OBJC_MSGSEND = YES;
				GCC_C_LANGUAGE_STANDARD = gnu11;
				GCC_NO_COMMON_BLOCKS = YES;
				GCC_WARN_64_TO_32_BIT_CONVERSION = YES;
				GCC_WARN_ABOUT_RETURN_TYPE = YES_ERROR;
				GCC_WARN_UNDECLARED_SELECTOR = YES;
				GCC_WARN_UNINITIALIZED_AUTOS = YES_AGGRESSIVE;
				GCC_WARN_UNUSED_FUNCTION = YES;
				GCC_WARN_UNUSED_VARIABLE = YES;
				IPHONEOS_DEPLOYMENT_TARGET = 15.5;
				MTL_ENABLE_DEBUG_INFO = NO;
				MTL_FAST_MATH = YES;
				SDKROOT = iphoneos;
				SWIFT_COMPILATION_MODE = wholemodule;
				SWIFT_OPTIMIZATION_LEVEL = "-O";
				VALIDATE_PRODUCT = YES;
			};
			name = Release;
		};
		3D13CB2728AA8FFE001113BD /* Debug */ = {
			isa = XCBuildConfiguration;
			buildSettings = {
				ASSETCATALOG_COMPILER_APPICON_NAME = AppIcon;
				ASSETCATALOG_COMPILER_GLOBAL_ACCENT_COLOR_NAME = AccentColor;
				CODE_SIGN_STYLE = Automatic;
				CURRENT_PROJECT_VERSION = 1;
				DEVELOPMENT_ASSET_PATHS = "\"Remember/Preview Content\"";
				DEVELOPMENT_TEAM = FB3RP3NRT7;
				ENABLE_PREVIEWS = YES;
				GENERATE_INFOPLIST_FILE = YES;
				INFOPLIST_KEY_UIApplicationSceneManifest_Generation = YES;
				INFOPLIST_KEY_UIApplicationSupportsIndirectInputEvents = YES;
				INFOPLIST_KEY_UILaunchScreen_Generation = YES;
				INFOPLIST_KEY_UISupportedInterfaceOrientations_iPad = "UIInterfaceOrientationPortrait UIInterfaceOrientationPortraitUpsideDown UIInterfaceOrientationLandscapeLeft UIInterfaceOrientationLandscapeRight";
				INFOPLIST_KEY_UISupportedInterfaceOrientations_iPhone = "UIInterfaceOrientationPortrait UIInterfaceOrientationLandscapeLeft UIInterfaceOrientationLandscapeRight";
				LD_RUNPATH_SEARCH_PATHS = (
					"$(inherited)",
					"@executable_path/Frameworks",
				);
				MARKETING_VERSION = 1.0;
				PRODUCT_BUNDLE_IDENTIFIER = ch.janhuber.Remember;
				PRODUCT_NAME = "$(TARGET_NAME)";
				SWIFT_EMIT_LOC_STRINGS = YES;
				SWIFT_VERSION = 5.0;
				TARGETED_DEVICE_FAMILY = "1,2";
			};
			name = Debug;
		};
		3D13CB2828AA8FFE001113BD /* Release */ = {
			isa = XCBuildConfiguration;
			buildSettings = {
				ASSETCATALOG_COMPILER_APPICON_NAME = AppIcon;
				ASSETCATALOG_COMPILER_GLOBAL_ACCENT_COLOR_NAME = AccentColor;
				CODE_SIGN_STYLE = Automatic;
				CURRENT_PROJECT_VERSION = 1;
				DEVELOPMENT_ASSET_PATHS = "\"Remember/Preview Content\"";
				DEVELOPMENT_TEAM = FB3RP3NRT7;
				ENABLE_PREVIEWS = YES;
				GENERATE_INFOPLIST_FILE = YES;
				INFOPLIST_KEY_UIApplicationSceneManifest_Generation = YES;
				INFOPLIST_KEY_UIApplicationSupportsIndirectInputEvents = YES;
				INFOPLIST_KEY_UILaunchScreen_Generation = YES;
				INFOPLIST_KEY_UISupportedInterfaceOrientations_iPad = "UIInterfaceOrientationPortrait UIInterfaceOrientationPortraitUpsideDown UIInterfaceOrientationLandscapeLeft UIInterfaceOrientationLandscapeRight";
				INFOPLIST_KEY_UISupportedInterfaceOrientations_iPhone = "UIInterfaceOrientationPortrait UIInterfaceOrientationLandscapeLeft UIInterfaceOrientationLandscapeRight";
				LD_RUNPATH_SEARCH_PATHS = (
					"$(inherited)",
					"@executable_path/Frameworks",
				);
				MARKETING_VERSION = 1.0;
				PRODUCT_BUNDLE_IDENTIFIER = ch.janhuber.Remember;
				PRODUCT_NAME = "$(TARGET_NAME)";
				SWIFT_EMIT_LOC_STRINGS = YES;
				SWIFT_VERSION = 5.0;
				TARGETED_DEVICE_FAMILY = "1,2";
			};
			name = Release;
		};
/* End XCBuildConfiguration section */

/* Begin XCConfigurationList section */
		3D13CB1328AA8FFB001113BD /* Build configuration list for PBXProject "Remember" */ = {
			isa = XCConfigurationList;
			buildConfigurations = (
				3D13CB2428AA8FFE001113BD /* Debug */,
				3D13CB2528AA8FFE001113BD /* Release */,
			);
			defaultConfigurationIsVisible = 0;
			defaultConfigurationName = Release;
		};
		3D13CB2628AA8FFE001113BD /* Build configuration list for PBXNativeTarget "Remember" */ = {
			isa = XCConfigurationList;
			buildConfigurations = (
				3D13CB2728AA8FFE001113BD /* Debug */,
				3D13CB2828AA8FFE001113BD /* Release */,
			);
			defaultConfigurationIsVisible = 0;
			defaultConfigurationName = Release;
		};
/* End XCConfigurationList section */

/* Begin XCRemoteSwiftPackageReference section */
		3D13CB3528AAA76E001113BD /* XCRemoteSwiftPackageReference "LocationPickerForSwiftUI" */ = {
			isa = XCRemoteSwiftPackageReference;
			repositoryURL = "https://github.com/alessiorubicini/LocationPickerForSwiftUI";
			requirement = {
				kind = upToNextMajorVersion;
				minimumVersion = 1.0.0;
			};
		};
/* End XCRemoteSwiftPackageReference section */

/* Begin XCSwiftPackageProductDependency section */
		3D13CB3628AAA76E001113BD /* LocationPicker */ = {
			isa = XCSwiftPackageProductDependency;
			package = 3D13CB3528AAA76E001113BD /* XCRemoteSwiftPackageReference "LocationPickerForSwiftUI" */;
			productName = LocationPicker;
		};
/* End XCSwiftPackageProductDependency section */
	};
	rootObject = 3D13CB1028AA8FFB001113BD /* Project object */;
}
